// !$*UTF8*$!
{
	archiveVersion = 1;
	classes = {
	};
	objectVersion = 51;
	objects = {

/* Begin PBXBuildFile section */
		62B6AD52261A9EB7002D502E /* AppDelegate.swift in Sources */ = {isa = PBXBuildFile; fileRef = 62B6AD51261A9EB7002D502E /* AppDelegate.swift */; };
		62B6AD54261A9EB7002D502E /* SceneDelegate.swift in Sources */ = {isa = PBXBuildFile; fileRef = 62B6AD53261A9EB7002D502E /* SceneDelegate.swift */; };
		62B6AD56261A9EB7002D502E /* MainVC.swift in Sources */ = {isa = PBXBuildFile; fileRef = 62B6AD55261A9EB7002D502E /* MainVC.swift */; };
		62B6AD59261A9EB7002D502E /* Main.storyboard in Resources */ = {isa = PBXBuildFile; fileRef = 62B6AD57261A9EB7002D502E /* Main.storyboard */; };
		62B6AD5C261A9EB7002D502E /* fine_dust.xcdatamodeld in Sources */ = {isa = PBXBuildFile; fileRef = 62B6AD5A261A9EB7002D502E /* fine_dust.xcdatamodeld */; };
		62B6AD5E261A9EB9002D502E /* Assets.xcassets in Resources */ = {isa = PBXBuildFile; fileRef = 62B6AD5D261A9EB9002D502E /* Assets.xcassets */; };
		62B6AD61261A9EB9002D502E /* LaunchScreen.storyboard in Resources */ = {isa = PBXBuildFile; fileRef = 62B6AD5F261A9EB9002D502E /* LaunchScreen.storyboard */; };
		62B6AD78261B1D2E002D502E /* loadingVC.swift in Sources */ = {isa = PBXBuildFile; fileRef = 62B6AD77261B1D2E002D502E /* loadingVC.swift */; };
		C6D46D44443004E435C327C7 /* Pods_fine_dust.framework in Frameworks */ = {isa = PBXBuildFile; fileRef = 80EA10B78AE0E4EF0EC3C78A /* Pods_fine_dust.framework */; };
/* End PBXBuildFile section */

/* Begin PBXFileReference section */
		62B6AD4E261A9EB7002D502E /* fine-dust.app */ = {isa = PBXFileReference; explicitFileType = wrapper.application; includeInIndex = 0; path = "fine-dust.app"; sourceTree = BUILT_PRODUCTS_DIR; };
		62B6AD51261A9EB7002D502E /* AppDelegate.swift */ = {isa = PBXFileReference; lastKnownFileType = sourcecode.swift; path = AppDelegate.swift; sourceTree = "<group>"; };
		62B6AD53261A9EB7002D502E /* SceneDelegate.swift */ = {isa = PBXFileReference; lastKnownFileType = sourcecode.swift; path = SceneDelegate.swift; sourceTree = "<group>"; };
		62B6AD55261A9EB7002D502E /* MainVC.swift */ = {isa = PBXFileReference; lastKnownFileType = sourcecode.swift; path = MainVC.swift; sourceTree = "<group>"; };
		62B6AD58261A9EB7002D502E /* Base */ = {isa = PBXFileReference; lastKnownFileType = file.storyboard; name = Base; path = Base.lproj/Main.storyboard; sourceTree = "<group>"; };
		62B6AD5B261A9EB7002D502E /* fine_dust.xcdatamodel */ = {isa = PBXFileReference; lastKnownFileType = wrapper.xcdatamodel; path = fine_dust.xcdatamodel; sourceTree = "<group>"; };
		62B6AD5D261A9EB9002D502E /* Assets.xcassets */ = {isa = PBXFileReference; lastKnownFileType = folder.assetcatalog; path = Assets.xcassets; sourceTree = "<group>"; };
		62B6AD60261A9EB9002D502E /* Base */ = {isa = PBXFileReference; lastKnownFileType = file.storyboard; name = Base; path = Base.lproj/LaunchScreen.storyboard; sourceTree = "<group>"; };
		62B6AD62261A9EB9002D502E /* Info.plist */ = {isa = PBXFileReference; lastKnownFileType = text.plist.xml; path = Info.plist; sourceTree = "<group>"; };
		62B6AD77261B1D2E002D502E /* loadingVC.swift */ = {isa = PBXFileReference; lastKnownFileType = sourcecode.swift; path = loadingVC.swift; sourceTree = "<group>"; };
		80EA10B78AE0E4EF0EC3C78A /* Pods_fine_dust.framework */ = {isa = PBXFileReference; explicitFileType = wrapper.framework; includeInIndex = 0; path = Pods_fine_dust.framework; sourceTree = BUILT_PRODUCTS_DIR; };
		CA2F0BC147FFCDBAAAF57AFD /* Pods-fine-dust.debug.xcconfig */ = {isa = PBXFileReference; includeInIndex = 1; lastKnownFileType = text.xcconfig; name = "Pods-fine-dust.debug.xcconfig"; path = "Target Support Files/Pods-fine-dust/Pods-fine-dust.debug.xcconfig"; sourceTree = "<group>"; };
		D429F05D396214E146D0EF27 /* Pods-fine-dust.release.xcconfig */ = {isa = PBXFileReference; includeInIndex = 1; lastKnownFileType = text.xcconfig; name = "Pods-fine-dust.release.xcconfig"; path = "Target Support Files/Pods-fine-dust/Pods-fine-dust.release.xcconfig"; sourceTree = "<group>"; };
/* End PBXFileReference section */

/* Begin PBXFrameworksBuildPhase section */
		62B6AD4B261A9EB7002D502E /* Frameworks */ = {
			isa = PBXFrameworksBuildPhase;
			buildActionMask = 2147483647;
			files = (
				C6D46D44443004E435C327C7 /* Pods_fine_dust.framework in Frameworks */,
			);
			runOnlyForDeploymentPostprocessing = 0;
		};
/* End PBXFrameworksBuildPhase section */

/* Begin PBXGroup section */
		26F64F9E22138A6EA9053481 /* Frameworks */ = {
			isa = PBXGroup;
			children = (
				80EA10B78AE0E4EF0EC3C78A /* Pods_fine_dust.framework */,
			);
			name = Frameworks;
			sourceTree = "<group>";
		};
		62B6AD45261A9EB7002D502E = {
			isa = PBXGroup;
			children = (
				62B6AD50261A9EB7002D502E /* fine-dust */,
				62B6AD4F261A9EB7002D502E /* Products */,
				A68A2DCC548974FE3ECC2878 /* Pods */,
				26F64F9E22138A6EA9053481 /* Frameworks */,
			);
			sourceTree = "<group>";
		};
		62B6AD4F261A9EB7002D502E /* Products */ = {
			isa = PBXGroup;
			children = (
				62B6AD4E261A9EB7002D502E /* fine-dust.app */,
			);
			name = Products;
			sourceTree = "<group>";
		};
		62B6AD50261A9EB7002D502E /* fine-dust */ = {
			isa = PBXGroup;
			children = (
				62B6AD51261A9EB7002D502E /* AppDelegate.swift */,
				62B6AD53261A9EB7002D502E /* SceneDelegate.swift */,
				62B6AD77261B1D2E002D502E /* loadingVC.swift */,
				62B6AD55261A9EB7002D502E /* MainVC.swift */,
				62B6AD57261A9EB7002D502E /* Main.storyboard */,
				62B6AD5D261A9EB9002D502E /* Assets.xcassets */,
				62B6AD5F261A9EB9002D502E /* LaunchScreen.storyboard */,
				62B6AD62261A9EB9002D502E /* Info.plist */,
				62B6AD5A261A9EB7002D502E /* fine_dust.xcdatamodeld */,
			);
			path = "fine-dust";
			sourceTree = "<group>";
		};
		A68A2DCC548974FE3ECC2878 /* Pods */ = {
			isa = PBXGroup;
			children = (
				CA2F0BC147FFCDBAAAF57AFD /* Pods-fine-dust.debug.xcconfig */,
				D429F05D396214E146D0EF27 /* Pods-fine-dust.release.xcconfig */,
			);
			path = Pods;
			sourceTree = "<group>";
		};
/* End PBXGroup section */

/* Begin PBXNativeTarget section */
		62B6AD4D261A9EB7002D502E /* fine-dust */ = {
			isa = PBXNativeTarget;
			buildConfigurationList = 62B6AD65261A9EB9002D502E /* Build configuration list for PBXNativeTarget "fine-dust" */;
			buildPhases = (
				70F65F4B88B1B27498E2C2C1 /* [CP] Check Pods Manifest.lock */,
				62B6AD4A261A9EB7002D502E /* Sources */,
				62B6AD4B261A9EB7002D502E /* Frameworks */,
				62B6AD4C261A9EB7002D502E /* Resources */,
				E28CD6D810A92CF5CA638DE2 /* [CP] Embed Pods Frameworks */,
			);
			buildRules = (
			);
			dependencies = (
			);
			name = "fine-dust";
			productName = "fine-dust";
			productReference = 62B6AD4E261A9EB7002D502E /* fine-dust.app */;
			productType = "com.apple.product-type.application";
		};
/* End PBXNativeTarget section */

/* Begin PBXProject section */
		62B6AD46261A9EB7002D502E /* Project object */ = {
			isa = PBXProject;
			attributes = {
				LastSwiftUpdateCheck = 1240;
				LastUpgradeCheck = 1240;
				TargetAttributes = {
					62B6AD4D261A9EB7002D502E = {
						CreatedOnToolsVersion = 12.4;
					};
				};
			};
			buildConfigurationList = 62B6AD49261A9EB7002D502E /* Build configuration list for PBXProject "fine-dust" */;
			compatibilityVersion = "Xcode 9.3";
			developmentRegion = en;
			hasScannedForEncodings = 0;
			knownRegions = (
				en,
				Base,
			);
			mainGroup = 62B6AD45261A9EB7002D502E;
			productRefGroup = 62B6AD4F261A9EB7002D502E /* Products */;
			projectDirPath = "";
			projectRoot = "";
			targets = (
				62B6AD4D261A9EB7002D502E /* fine-dust */,
			);
		};
/* End PBXProject section */

/* Begin PBXResourcesBuildPhase section */
		62B6AD4C261A9EB7002D502E /* Resources */ = {
			isa = PBXResourcesBuildPhase;
			buildActionMask = 2147483647;
			files = (
				62B6AD61261A9EB9002D502E /* LaunchScreen.storyboard in Resources */,
				62B6AD5E261A9EB9002D502E /* Assets.xcassets in Resources */,
				62B6AD59261A9EB7002D502E /* Main.storyboard in Resources */,
			);
			runOnlyForDeploymentPostprocessing = 0;
		};
/* End PBXResourcesBuildPhase section */

/* Begin PBXShellScriptBuildPhase section */
		70F65F4B88B1B27498E2C2C1 /* [CP] Check Pods Manifest.lock */ = {
			isa = PBXShellScriptBuildPhase;
			buildActionMask = 2147483647;
			files = (
			);
			inputFileListPaths = (
			);
			inputPaths = (
				"${PODS_PODFILE_DIR_PATH}/Podfile.lock",
				"${PODS_ROOT}/Manifest.lock",
			);
			name = "[CP] Check Pods Manifest.lock";
			outputFileListPaths = (
			);
			outputPaths = (
				"$(DERIVED_FILE_DIR)/Pods-fine-dust-checkManifestLockResult.txt",
			);
			runOnlyForDeploymentPostprocessing = 0;
			shellPath = /bin/sh;
			shellScript = "diff \"${PODS_PODFILE_DIR_PATH}/Podfile.lock\" \"${PODS_ROOT}/Manifest.lock\" > /dev/null\nif [ $? != 0 ] ; then\n    # print error to STDERR\n    echo \"error: The sandbox is not in sync with the Podfile.lock. Run 'pod install' or update your CocoaPods installation.\" >&2\n    exit 1\nfi\n# This output is used by Xcode 'outputs' to avoid re-running this script phase.\necho \"SUCCESS\" > \"${SCRIPT_OUTPUT_FILE_0}\"\n";
			showEnvVarsInLog = 0;
		};
		E28CD6D810A92CF5CA638DE2 /* [CP] Embed Pods Frameworks */ = {
			isa = PBXShellScriptBuildPhase;
			buildActionMask = 2147483647;
			files = (
			);
			inputFileListPaths = (
				"${PODS_ROOT}/Target Support Files/Pods-fine-dust/Pods-fine-dust-frameworks-${CONFIGURATION}-input-files.xcfilelist",
			);
			name = "[CP] Embed Pods Frameworks";
			outputFileListPaths = (
				"${PODS_ROOT}/Target Support Files/Pods-fine-dust/Pods-fine-dust-frameworks-${CONFIGURATION}-output-files.xcfilelist",
			);
			runOnlyForDeploymentPostprocessing = 0;
			shellPath = /bin/sh;
			shellScript = "\"${PODS_ROOT}/Target Support Files/Pods-fine-dust/Pods-fine-dust-frameworks.sh\"\n";
			showEnvVarsInLog = 0;
		};
/* End PBXShellScriptBuildPhase section */

/* Begin PBXSourcesBuildPhase section */
		62B6AD4A261A9EB7002D502E /* Sources */ = {
			isa = PBXSourcesBuildPhase;
			buildActionMask = 2147483647;
			files = (
				62B6AD56261A9EB7002D502E /* MainVC.swift in Sources */,
				62B6AD52261A9EB7002D502E /* AppDelegate.swift in Sources */,
				62B6AD78261B1D2E002D502E /* loadingVC.swift in Sources */,
				62B6AD54261A9EB7002D502E /* SceneDelegate.swift in Sources */,
				62B6AD5C261A9EB7002D502E /* fine_dust.xcdatamodeld in Sources */,
			);
			runOnlyForDeploymentPostprocessing = 0;
		};
/* End PBXSourcesBuildPhase section */

/* Begin PBXVariantGroup section */
		62B6AD57261A9EB7002D502E /* Main.storyboard */ = {
			isa = PBXVariantGroup;
			children = (
				62B6AD58261A9EB7002D502E /* Base */,
			);
			name = Main.storyboard;
			sourceTree = "<group>";
		};
		62B6AD5F261A9EB9002D502E /* LaunchScreen.storyboard */ = {
			isa = PBXVariantGroup;
			children = (
				62B6AD60261A9EB9002D502E /* Base */,
			);
			name = LaunchScreen.storyboard;
			sourceTree = "<group>";
		};
/* End PBXVariantGroup section */

/* Begin XCBuildConfiguration section */
		62B6AD63261A9EB9002D502E /* Debug */ = {
			isa = XCBuildConfiguration;
			buildSettings = {
				ALWAYS_SEARCH_USER_PATHS = NO;
				CLANG_ANALYZER_NONNULL = YES;
				CLANG_ANALYZER_NUMBER_OBJECT_CONVERSION = YES_AGGRESSIVE;
				CLANG_CXX_LANGUAGE_STANDARD = "gnu++14";
				CLANG_CXX_LIBRARY = "libc++";
				CLANG_ENABLE_MODULES = YES;
				CLANG_ENABLE_OBJC_ARC = YES;
				CLANG_ENABLE_OBJC_WEAK = YES;
				CLANG_WARN_BLOCK_CAPTURE_AUTORELEASING = YES;
				CLANG_WARN_BOOL_CONVERSION = YES;
				CLANG_WARN_COMMA = YES;
				CLANG_WARN_CONSTANT_CONVERSION = YES;
				CLANG_WARN_DEPRECATED_OBJC_IMPLEMENTATIONS = YES;
				CLANG_WARN_DIRECT_OBJC_ISA_USAGE = YES_ERROR;
				CLANG_WARN_DOCUMENTATION_COMMENTS = YES;
				CLANG_WARN_EMPTY_BODY = YES;
				CLANG_WARN_ENUM_CONVERSION = YES;
				CLANG_WARN_INFINITE_RECURSION = YES;
				CLANG_WARN_INT_CONVERSION = YES;
				CLANG_WARN_NON_LITERAL_NULL_CONVERSION = YES;
				CLANG_WARN_OBJC_IMPLICIT_RETAIN_SELF = YES;
				CLANG_WARN_OBJC_LITERAL_CONVERSION = YES;
				CLANG_WARN_OBJC_ROOT_CLASS = YES_ERROR;
				CLANG_WARN_QUOTED_INCLUDE_IN_FRAMEWORK_HEADER = YES;
				CLANG_WARN_RANGE_LOOP_ANALYSIS = YES;
				CLANG_WARN_STRICT_PROTOTYPES = YES;
				CLANG_WARN_SUSPICIOUS_MOVE = YES;
				CLANG_WARN_UNGUARDED_AVAILABILITY = YES_AGGRESSIVE;
				CLANG_WARN_UNREACHABLE_CODE = YES;
				CLANG_WARN__DUPLICATE_METHOD_MATCH = YES;
				COPY_PHASE_STRIP = NO;
				DEBUG_INFORMATION_FORMAT = dwarf;
				ENABLE_STRICT_OBJC_MSGSEND = YES;
				ENABLE_TESTABILITY = YES;
				GCC_C_LANGUAGE_STANDARD = gnu11;
				GCC_DYNAMIC_NO_PIC = NO;
				GCC_NO_COMMON_BLOCKS = YES;
				GCC_OPTIMIZATION_LEVEL = 0;
				GCC_PREPROCESSOR_DEFINITIONS = (
					"DEBUG=1",
					"$(inherited)",
				);
				GCC_WARN_64_TO_32_BIT_CONVERSION = YES;
				GCC_WARN_ABOUT_RETURN_TYPE = YES_ERROR;
				GCC_WARN_UNDECLARED_SELECTOR = YES;
				GCC_WARN_UNINITIALIZED_AUTOS = YES_AGGRESSIVE;
				GCC_WARN_UNUSED_FUNCTION = YES;
				GCC_WARN_UNUSED_VARIABLE = YES;
				IPHONEOS_DEPLOYMENT_TARGET = 14.4;
				MTL_ENABLE_DEBUG_INFO = INCLUDE_SOURCE;
				MTL_FAST_MATH = YES;
				ONLY_ACTIVE_ARCH = YES;
				SDKROOT = iphoneos;
				SWIFT_ACTIVE_COMPILATION_CONDITIONS = DEBUG;
				SWIFT_OPTIMIZATION_LEVEL = "-Onone";
			};
			name = Debug;
		};
		62B6AD64261A9EB9002D502E /* Release */ = {
			isa = XCBuildConfiguration;
			buildSettings = {
				ALWAYS_SEARCH_USER_PATHS = NO;
				CLANG_ANALYZER_NONNULL = YES;
				CLANG_ANALYZER_NUMBER_OBJECT_CONVERSION = YES_AGGRESSIVE;
				CLANG_CXX_LANGUAGE_STANDARD = "gnu++14";
				CLANG_CXX_LIBRARY = "libc++";
				CLANG_ENABLE_MODULES = YES;
				CLANG_ENABLE_OBJC_ARC = YES;
				CLANG_ENABLE_OBJC_WEAK = YES;
				CLANG_WARN_BLOCK_CAPTURE_AUTORELEASING = YES;
				CLANG_WARN_BOOL_CONVERSION = YES;
				CLANG_WARN_COMMA = YES;
				CLANG_WARN_CONSTANT_CONVERSION = YES;
				CLANG_WARN_DEPRECATED_OBJC_IMPLEMENTATIONS = YES;
				CLANG_WARN_DIRECT_OBJC_ISA_USAGE = YES_ERROR;
				CLANG_WARN_DOCUMENTATION_COMMENTS = YES;
				CLANG_WARN_EMPTY_BODY = YES;
				CLANG_WARN_ENUM_CONVERSION = YES;
				CLANG_WARN_INFINITE_RECURSION = YES;
				CLANG_WARN_INT_CONVERSION = YES;
				CLANG_WARN_NON_LITERAL_NULL_CONVERSION = YES;
				CLANG_WARN_OBJC_IMPLICIT_RETAIN_SELF = YES;
				CLANG_WARN_OBJC_LITERAL_CONVERSION = YES;
				CLANG_WARN_OBJC_ROOT_CLASS = YES_ERROR;
				CLANG_WARN_QUOTED_INCLUDE_IN_FRAMEWORK_HEADER = YES;
				CLANG_WARN_RANGE_LOOP_ANALYSIS = YES;
				CLANG_WARN_STRICT_PROTOTYPES = YES;
				CLANG_WARN_SUSPICIOUS_MOVE = YES;
				CLANG_WARN_UNGUARDED_AVAILABILITY = YES_AGGRESSIVE;
				CLANG_WARN_UNREACHABLE_CODE = YES;
				CLANG_WARN__DUPLICATE_METHOD_MATCH = YES;
				COPY_PHASE_STRIP = NO;
				DEBUG_INFORMATION_FORMAT = "dwarf-with-dsym";
				ENABLE_NS_ASSERTIONS = NO;
				ENABLE_STRICT_OBJC_MSGSEND = YES;
				GCC_C_LANGUAGE_STANDARD = gnu11;
				GCC_NO_COMMON_BLOCKS = YES;
				GCC_WARN_64_TO_32_BIT_CONVERSION = YES;
				GCC_WARN_ABOUT_RETURN_TYPE = YES_ERROR;
				GCC_WARN_UNDECLARED_SELECTOR = YES;
				GCC_WARN_UNINITIALIZED_AUTOS = YES_AGGRESSIVE;
				GCC_WARN_UNUSED_FUNCTION = YES;
				GCC_WARN_UNUSED_VARIABLE = YES;
				IPHONEOS_DEPLOYMENT_TARGET = 14.4;
				MTL_ENABLE_DEBUG_INFO = NO;
				MTL_FAST_MATH = YES;
				SDKROOT = iphoneos;
				SWIFT_COMPILATION_MODE = wholemodule;
				SWIFT_OPTIMIZATION_LEVEL = "-O";
				VALIDATE_PRODUCT = YES;
			};
			name = Release;
		};
		62B6AD66261A9EB9002D502E /* Debug */ = {
			isa = XCBuildConfiguration;
			baseConfigurationReference = CA2F0BC147FFCDBAAAF57AFD /* Pods-fine-dust.debug.xcconfig */;
			buildSettings = {
				ASSETCATALOG_COMPILER_APPICON_NAME = AppIcon;
				ASSETCATALOG_COMPILER_GLOBAL_ACCENT_COLOR_NAME = AccentColor;
				CODE_SIGN_STYLE = Automatic;
				DEVELOPMENT_TEAM = CFS8WAKW2R;
				INFOPLIST_FILE = "fine-dust/Info.plist";
				LD_RUNPATH_SEARCH_PATHS = (
					"$(inherited)",
					"@executable_path/Frameworks",
				);
				PRODUCT_BUNDLE_IDENTIFIER = "kr.hs.dgsw.fine-dust";
				PRODUCT_NAME = "$(TARGET_NAME)";
				SWIFT_VERSION = 5.0;
				TARGETED_DEVICE_FAMILY = "1,2";
			};
			name = Debug;
		};
		62B6AD67261A9EB9002D502E /* Release */ = {
			isa = XCBuildConfiguration;
			baseConfigurationReference = D429F05D396214E146D0EF27 /* Pods-fine-dust.release.xcconfig */;
			buildSettings = {
				ASSETCATALOG_COMPILER_APPICON_NAME = AppIcon;
				ASSETCATALOG_COMPILER_GLOBAL_ACCENT_COLOR_NAME = AccentColor;
				CODE_SIGN_STYLE = Automatic;
				DEVELOPMENT_TEAM = CFS8WAKW2R;
				INFOPLIST_FILE = "fine-dust/Info.plist";
				LD_RUNPATH_SEARCH_PATHS = (
					"$(inherited)",
					"@executable_path/Frameworks",
				);
				PRODUCT_BUNDLE_IDENTIFIER = "kr.hs.dgsw.fine-dust";
				PRODUCT_NAME = "$(TARGET_NAME)";
				SWIFT_VERSION = 5.0;
				TARGETED_DEVICE_FAMILY = "1,2";
			};
			name = Release;
		};
/* End XCBuildConfiguration section */

/* Begin XCConfigurationList section */
		62B6AD49261A9EB7002D502E /* Build configuration list for PBXProject "fine-dust" */ = {
			isa = XCConfigurationList;
			buildConfigurations = (
				62B6AD63261A9EB9002D502E /* Debug */,
				62B6AD64261A9EB9002D502E /* Release */,
			);
			defaultConfigurationIsVisible = 0;
			defaultConfigurationName = Release;
		};
		62B6AD65261A9EB9002D502E /* Build configuration list for PBXNativeTarget "fine-dust" */ = {
			isa = XCConfigurationList;
			buildConfigurations = (
				62B6AD66261A9EB9002D502E /* Debug */,
				62B6AD67261A9EB9002D502E /* Release */,
			);
			defaultConfigurationIsVisible = 0;
			defaultConfigurationName = Release;
		};
/* End XCConfigurationList section */

/* Begin XCVersionGroup section */
		62B6AD5A261A9EB7002D502E /* fine_dust.xcdatamodeld */ = {
			isa = XCVersionGroup;
			children = (
				62B6AD5B261A9EB7002D502E /* fine_dust.xcdatamodel */,
			);
			currentVersion = 62B6AD5B261A9EB7002D502E /* fine_dust.xcdatamodel */;
			path = fine_dust.xcdatamodeld;
			sourceTree = "<group>";
			versionGroupType = wrapper.xcdatamodel;
		};
/* End XCVersionGroup section */
	};
	rootObject = 62B6AD46261A9EB7002D502E /* Project object */;
}
